// !$*UTF8*$!
{
	archiveVersion = 1;
	classes = {
	};
	objectVersion = 50;
	objects = {

/* Begin PBXBuildFile section */
		8A1421C62226E95200F64A98 /* MyFlowLayout.swift in Sources */ = {isa = PBXBuildFile; fileRef = 8A1421C52226E95200F64A98 /* MyFlowLayout.swift */; };
		8A7AE225220DE6CE001CC7A6 /* AppDelegate.swift in Sources */ = {isa = PBXBuildFile; fileRef = 8A7AE224220DE6CE001CC7A6 /* AppDelegate.swift */; };
		8A7AE22A220DE6CE001CC7A6 /* Main.storyboard in Resources */ = {isa = PBXBuildFile; fileRef = 8A7AE228220DE6CE001CC7A6 /* Main.storyboard */; };
		8A7AE22C220DE6CF001CC7A6 /* Assets.xcassets in Resources */ = {isa = PBXBuildFile; fileRef = 8A7AE22B220DE6CF001CC7A6 /* Assets.xcassets */; };
		8A7AE22F220DE6CF001CC7A6 /* LaunchScreen.storyboard in Resources */ = {isa = PBXBuildFile; fileRef = 8A7AE22D220DE6CF001CC7A6 /* LaunchScreen.storyboard */; };
		8A7AE23A220DE6CF001CC7A6 /* CollectionDemoTests.swift in Sources */ = {isa = PBXBuildFile; fileRef = 8A7AE239220DE6CF001CC7A6 /* CollectionDemoTests.swift */; };
		8A7AE245220DE6CF001CC7A6 /* CollectionDemoUITests.swift in Sources */ = {isa = PBXBuildFile; fileRef = 8A7AE244220DE6CF001CC7A6 /* CollectionDemoUITests.swift */; };
		8A7AE253220DE883001CC7A6 /* MyCollectionViewController.swift in Sources */ = {isa = PBXBuildFile; fileRef = 8A7AE252220DE883001CC7A6 /* MyCollectionViewController.swift */; };
		8A7AE255220DEA3C001CC7A6 /* MyCollectionViewCell.swift in Sources */ = {isa = PBXBuildFile; fileRef = 8A7AE254220DEA3C001CC7A6 /* MyCollectionViewCell.swift */; };
		8A944044220E0D28000AD448 /* MySupplimentaryView.swift in Sources */ = {isa = PBXBuildFile; fileRef = 8A944043220E0D28000AD448 /* MySupplimentaryView.swift */; };
/* End PBXBuildFile section */

/* Begin PBXContainerItemProxy section */
		8A7AE236220DE6CF001CC7A6 /* PBXContainerItemProxy */ = {
			isa = PBXContainerItemProxy;
			containerPortal = 8A7AE219220DE6CE001CC7A6 /* Project object */;
			proxyType = 1;
			remoteGlobalIDString = 8A7AE220220DE6CE001CC7A6;
			remoteInfo = CollectionDemo;
		};
		8A7AE241220DE6CF001CC7A6 /* PBXContainerItemProxy */ = {
			isa = PBXContainerItemProxy;
			containerPortal = 8A7AE219220DE6CE001CC7A6 /* Project object */;
			proxyType = 1;
			remoteGlobalIDString = 8A7AE220220DE6CE001CC7A6;
			remoteInfo = CollectionDemo;
		};
/* End PBXContainerItemProxy section */

/* Begin PBXFileReference section */
		8A1421C52226E95200F64A98 /* MyFlowLayout.swift */ = {isa = PBXFileReference; lastKnownFileType = sourcecode.swift; path = MyFlowLayout.swift; sourceTree = "<group>"; };
		8A7AE221220DE6CE001CC7A6 /* CollectionDemo.app */ = {isa = PBXFileReference; explicitFileType = wrapper.application; includeInIndex = 0; path = CollectionDemo.app; sourceTree = BUILT_PRODUCTS_DIR; };
		8A7AE224220DE6CE001CC7A6 /* AppDelegate.swift */ = {isa = PBXFileReference; lastKnownFileType = sourcecode.swift; path = AppDelegate.swift; sourceTree = "<group>"; };
		8A7AE229220DE6CE001CC7A6 /* Base */ = {isa = PBXFileReference; lastKnownFileType = file.storyboard; name = Base; path = Base.lproj/Main.storyboard; sourceTree = "<group>"; };
		8A7AE22B220DE6CF001CC7A6 /* Assets.xcassets */ = {isa = PBXFileReference; lastKnownFileType = folder.assetcatalog; path = Assets.xcassets; sourceTree = "<group>"; };
		8A7AE22E220DE6CF001CC7A6 /* Base */ = {isa = PBXFileReference; lastKnownFileType = file.storyboard; name = Base; path = Base.lproj/LaunchScreen.storyboard; sourceTree = "<group>"; };
		8A7AE230220DE6CF001CC7A6 /* Info.plist */ = {isa = PBXFileReference; lastKnownFileType = text.plist.xml; path = Info.plist; sourceTree = "<group>"; };
		8A7AE235220DE6CF001CC7A6 /* CollectionDemoTests.xctest */ = {isa = PBXFileReference; explicitFileType = wrapper.cfbundle; includeInIndex = 0; path = CollectionDemoTests.xctest; sourceTree = BUILT_PRODUCTS_DIR; };
		8A7AE239220DE6CF001CC7A6 /* CollectionDemoTests.swift */ = {isa = PBXFileReference; lastKnownFileType = sourcecode.swift; path = CollectionDemoTests.swift; sourceTree = "<group>"; };
		8A7AE23B220DE6CF001CC7A6 /* Info.plist */ = {isa = PBXFileReference; lastKnownFileType = text.plist.xml; path = Info.plist; sourceTree = "<group>"; };
		8A7AE240220DE6CF001CC7A6 /* CollectionDemoUITests.xctest */ = {isa = PBXFileReference; explicitFileType = wrapper.cfbundle; includeInIndex = 0; path = CollectionDemoUITests.xctest; sourceTree = BUILT_PRODUCTS_DIR; };
		8A7AE244220DE6CF001CC7A6 /* CollectionDemoUITests.swift */ = {isa = PBXFileReference; lastKnownFileType = sourcecode.swift; path = CollectionDemoUITests.swift; sourceTree = "<group>"; };
		8A7AE246220DE6CF001CC7A6 /* Info.plist */ = {isa = PBXFileReference; lastKnownFileType = text.plist.xml; path = Info.plist; sourceTree = "<group>"; };
		8A7AE252220DE883001CC7A6 /* MyCollectionViewController.swift */ = {isa = PBXFileReference; lastKnownFileType = sourcecode.swift; path = MyCollectionViewController.swift; sourceTree = "<group>"; };
		8A7AE254220DEA3C001CC7A6 /* MyCollectionViewCell.swift */ = {isa = PBXFileReference; lastKnownFileType = sourcecode.swift; path = MyCollectionViewCell.swift; sourceTree = "<group>"; };
		8A944043220E0D28000AD448 /* MySupplimentaryView.swift */ = {isa = PBXFileReference; lastKnownFileType = sourcecode.swift; path = MySupplimentaryView.swift; sourceTree = "<group>"; };
/* End PBXFileReference section */

/* Begin PBXFrameworksBuildPhase section */
		8A7AE21E220DE6CE001CC7A6 /* Frameworks */ = {
			isa = PBXFrameworksBuildPhase;
			buildActionMask = 2147483647;
			files = (
			);
			runOnlyForDeploymentPostprocessing = 0;
		};
		8A7AE232220DE6CF001CC7A6 /* Frameworks */ = {
			isa = PBXFrameworksBuildPhase;
			buildActionMask = 2147483647;
			files = (
			);
			runOnlyForDeploymentPostprocessing = 0;
		};
		8A7AE23D220DE6CF001CC7A6 /* Frameworks */ = {
			isa = PBXFrameworksBuildPhase;
			buildActionMask = 2147483647;
			files = (
			);
			runOnlyForDeploymentPostprocessing = 0;
		};
/* End PBXFrameworksBuildPhase section */

/* Begin PBXGroup section */
		8A7AE218220DE6CE001CC7A6 = {
			isa = PBXGroup;
			children = (
				8A7AE223220DE6CE001CC7A6 /* CollectionDemo */,
				8A7AE238220DE6CF001CC7A6 /* CollectionDemoTests */,
				8A7AE243220DE6CF001CC7A6 /* CollectionDemoUITests */,
				8A7AE222220DE6CE001CC7A6 /* Products */,
			);
			sourceTree = "<group>";
		};
		8A7AE222220DE6CE001CC7A6 /* Products */ = {
			isa = PBXGroup;
			children = (
				8A7AE221220DE6CE001CC7A6 /* CollectionDemo.app */,
				8A7AE235220DE6CF001CC7A6 /* CollectionDemoTests.xctest */,
				8A7AE240220DE6CF001CC7A6 /* CollectionDemoUITests.xctest */,
			);
			name = Products;
			sourceTree = "<group>";
		};
		8A7AE223220DE6CE001CC7A6 /* CollectionDemo */ = {
			isa = PBXGroup;
			children = (
				8A944043220E0D28000AD448 /* MySupplimentaryView.swift */,
				8A7AE224220DE6CE001CC7A6 /* AppDelegate.swift */,
				8A7AE228220DE6CE001CC7A6 /* Main.storyboard */,
				8A1421C52226E95200F64A98 /* MyFlowLayout.swift */,
				8A7AE254220DEA3C001CC7A6 /* MyCollectionViewCell.swift */,
				8A7AE252220DE883001CC7A6 /* MyCollectionViewController.swift */,
				8A7AE22B220DE6CF001CC7A6 /* Assets.xcassets */,
				8A7AE22D220DE6CF001CC7A6 /* LaunchScreen.storyboard */,
				8A7AE230220DE6CF001CC7A6 /* Info.plist */,
			);
			path = CollectionDemo;
			sourceTree = "<group>";
		};
		8A7AE238220DE6CF001CC7A6 /* CollectionDemoTests */ = {
			isa = PBXGroup;
			children = (
				8A7AE239220DE6CF001CC7A6 /* CollectionDemoTests.swift */,
				8A7AE23B220DE6CF001CC7A6 /* Info.plist */,
			);
			path = CollectionDemoTests;
			sourceTree = "<group>";
		};
		8A7AE243220DE6CF001CC7A6 /* CollectionDemoUITests */ = {
			isa = PBXGroup;
			children = (
				8A7AE244220DE6CF001CC7A6 /* CollectionDemoUITests.swift */,
				8A7AE246220DE6CF001CC7A6 /* Info.plist */,
			);
			path = CollectionDemoUITests;
			sourceTree = "<group>";
		};
/* End PBXGroup section */

/* Begin PBXNativeTarget section */
		8A7AE220220DE6CE001CC7A6 /* CollectionDemo */ = {
			isa = PBXNativeTarget;
			buildConfigurationList = 8A7AE249220DE6CF001CC7A6 /* Build configuration list for PBXNativeTarget "CollectionDemo" */;
			buildPhases = (
				8A7AE21D220DE6CE001CC7A6 /* Sources */,
				8A7AE21E220DE6CE001CC7A6 /* Frameworks */,
				8A7AE21F220DE6CE001CC7A6 /* Resources */,
			);
			buildRules = (
			);
			dependencies = (
			);
			name = CollectionDemo;
			productName = CollectionDemo;
			productReference = 8A7AE221220DE6CE001CC7A6 /* CollectionDemo.app */;
			productType = "com.apple.product-type.application";
		};
		8A7AE234220DE6CF001CC7A6 /* CollectionDemoTests */ = {
			isa = PBXNativeTarget;
			buildConfigurationList = 8A7AE24C220DE6CF001CC7A6 /* Build configuration list for PBXNativeTarget "CollectionDemoTests" */;
			buildPhases = (
				8A7AE231220DE6CF001CC7A6 /* Sources */,
				8A7AE232220DE6CF001CC7A6 /* Frameworks */,
				8A7AE233220DE6CF001CC7A6 /* Resources */,
			);
			buildRules = (
			);
			dependencies = (
				8A7AE237220DE6CF001CC7A6 /* PBXTargetDependency */,
			);
			name = CollectionDemoTests;
			productName = CollectionDemoTests;
			productReference = 8A7AE235220DE6CF001CC7A6 /* CollectionDemoTests.xctest */;
			productType = "com.apple.product-type.bundle.unit-test";
		};
		8A7AE23F220DE6CF001CC7A6 /* CollectionDemoUITests */ = {
			isa = PBXNativeTarget;
			buildConfigurationList = 8A7AE24F220DE6CF001CC7A6 /* Build configuration list for PBXNativeTarget "CollectionDemoUITests" */;
			buildPhases = (
				8A7AE23C220DE6CF001CC7A6 /* Sources */,
				8A7AE23D220DE6CF001CC7A6 /* Frameworks */,
				8A7AE23E220DE6CF001CC7A6 /* Resources */,
			);
			buildRules = (
			);
			dependencies = (
				8A7AE242220DE6CF001CC7A6 /* PBXTargetDependency */,
			);
			name = CollectionDemoUITests;
			productName = CollectionDemoUITests;
			productReference = 8A7AE240220DE6CF001CC7A6 /* CollectionDemoUITests.xctest */;
			productType = "com.apple.product-type.bundle.ui-testing";
		};
/* End PBXNativeTarget section */

/* Begin PBXProject section */
		8A7AE219220DE6CE001CC7A6 /* Project object */ = {
			isa = PBXProject;
			attributes = {
				LastSwiftUpdateCheck = 1010;
				LastUpgradeCheck = 1010;
				ORGANIZATIONNAME = "Iurie Guzun";
				TargetAttributes = {
					8A7AE220220DE6CE001CC7A6 = {
						CreatedOnToolsVersion = 10.1;
					};
					8A7AE234220DE6CF001CC7A6 = {
						CreatedOnToolsVersion = 10.1;
						TestTargetID = 8A7AE220220DE6CE001CC7A6;
					};
					8A7AE23F220DE6CF001CC7A6 = {
						CreatedOnToolsVersion = 10.1;
						TestTargetID = 8A7AE220220DE6CE001CC7A6;
					};
				};
			};
			buildConfigurationList = 8A7AE21C220DE6CE001CC7A6 /* Build configuration list for PBXProject "CollectionDemo" */;
			compatibilityVersion = "Xcode 9.3";
			developmentRegion = en;
			hasScannedForEncodings = 0;
			knownRegions = (
				en,
				Base,
			);
			mainGroup = 8A7AE218220DE6CE001CC7A6;
			productRefGroup = 8A7AE222220DE6CE001CC7A6 /* Products */;
			projectDirPath = "";
			projectRoot = "";
			targets = (
				8A7AE220220DE6CE001CC7A6 /* CollectionDemo */,
				8A7AE234220DE6CF001CC7A6 /* CollectionDemoTests */,
				8A7AE23F220DE6CF001CC7A6 /* CollectionDemoUITests */,
			);
		};
/* End PBXProject section */

/* Begin PBXResourcesBuildPhase section */
		8A7AE21F220DE6CE001CC7A6 /* Resources */ = {
			isa = PBXResourcesBuildPhase;
			buildActionMask = 2147483647;
			files = (
				8A7AE22F220DE6CF001CC7A6 /* LaunchScreen.storyboard in Resources */,
				8A7AE22C220DE6CF001CC7A6 /* Assets.xcassets in Resources */,
				8A7AE22A220DE6CE001CC7A6 /* Main.storyboard in Resources */,
			);
			runOnlyForDeploymentPostprocessing = 0;
		};
		8A7AE233220DE6CF001CC7A6 /* Resources */ = {
			isa = PBXResourcesBuildPhase;
			buildActionMask = 2147483647;
			files = (
			);
			runOnlyForDeploymentPostprocessing = 0;
		};
		8A7AE23E220DE6CF001CC7A6 /* Resources */ = {
			isa = PBXResourcesBuildPhase;
			buildActionMask = 2147483647;
			files = (
			);
			runOnlyForDeploymentPostprocessing = 0;
		};
/* End PBXResourcesBuildPhase section */

/* Begin PBXSourcesBuildPhase section */
		8A7AE21D220DE6CE001CC7A6 /* Sources */ = {
			isa = PBXSourcesBuildPhase;
			buildActionMask = 2147483647;
			files = (
				8A1421C62226E95200F64A98 /* MyFlowLayout.swift in Sources */,
				8A7AE253220DE883001CC7A6 /* MyCollectionViewController.swift in Sources */,
				8A7AE225220DE6CE001CC7A6 /* AppDelegate.swift in Sources */,
				8A944044220E0D28000AD448 /* MySupplimentaryView.swift in Sources */,
				8A7AE255220DEA3C001CC7A6 /* MyCollectionViewCell.swift in Sources */,
			);
			runOnlyForDeploymentPostprocessing = 0;
		};
		8A7AE231220DE6CF001CC7A6 /* Sources */ = {
			isa = PBXSourcesBuildPhase;
			buildActionMask = 2147483647;
			files = (
				8A7AE23A220DE6CF001CC7A6 /* CollectionDemoTests.swift in Sources */,
			);
			runOnlyForDeploymentPostprocessing = 0;
		};
		8A7AE23C220DE6CF001CC7A6 /* Sources */ = {
			isa = PBXSourcesBuildPhase;
			buildActionMask = 2147483647;
			files = (
				8A7AE245220DE6CF001CC7A6 /* CollectionDemoUITests.swift in Sources */,
			);
			runOnlyForDeploymentPostprocessing = 0;
		};
/* End PBXSourcesBuildPhase section */

/* Begin PBXTargetDependency section */
		8A7AE237220DE6CF001CC7A6 /* PBXTargetDependency */ = {
			isa = PBXTargetDependency;
			target = 8A7AE220220DE6CE001CC7A6 /* CollectionDemo */;
			targetProxy = 8A7AE236220DE6CF001CC7A6 /* PBXContainerItemProxy */;
		};
		8A7AE242220DE6CF001CC7A6 /* PBXTargetDependency */ = {
			isa = PBXTargetDependency;
			target = 8A7AE220220DE6CE001CC7A6 /* CollectionDemo */;
			targetProxy = 8A7AE241220DE6CF001CC7A6 /* PBXContainerItemProxy */;
		};
/* End PBXTargetDependency section */

/* Begin PBXVariantGroup section */
		8A7AE228220DE6CE001CC7A6 /* Main.storyboard */ = {
			isa = PBXVariantGroup;
			children = (
				8A7AE229220DE6CE001CC7A6 /* Base */,
			);
			name = Main.storyboard;
			sourceTree = "<group>";
		};
		8A7AE22D220DE6CF001CC7A6 /* LaunchScreen.storyboard */ = {
			isa = PBXVariantGroup;
			children = (
				8A7AE22E220DE6CF001CC7A6 /* Base */,
			);
			name = LaunchScreen.storyboard;
			sourceTree = "<group>";
		};
/* End PBXVariantGroup section */

/* Begin XCBuildConfiguration section */
		8A7AE247220DE6CF001CC7A6 /* Debug */ = {
			isa = XCBuildConfiguration;
			buildSettings = {
				ALWAYS_SEARCH_USER_PATHS = NO;
				CLANG_ANALYZER_NONNULL = YES;
				CLANG_ANALYZER_NUMBER_OBJECT_CONVERSION = YES_AGGRESSIVE;
				CLANG_CXX_LANGUAGE_STANDARD = "gnu++14";
				CLANG_CXX_LIBRARY = "libc++";
				CLANG_ENABLE_MODULES = YES;
				CLANG_ENABLE_OBJC_ARC = YES;
				CLANG_ENABLE_OBJC_WEAK = YES;
				CLANG_WARN_BLOCK_CAPTURE_AUTORELEASING = YES;
				CLANG_WARN_BOOL_CONVERSION = YES;
				CLANG_WARN_COMMA = YES;
				CLANG_WARN_CONSTANT_CONVERSION = YES;
				CLANG_WARN_DEPRECATED_OBJC_IMPLEMENTATIONS = YES;
				CLANG_WARN_DIRECT_OBJC_ISA_USAGE = YES_ERROR;
				CLANG_WARN_DOCUMENTATION_COMMENTS = YES;
				CLANG_WARN_EMPTY_BODY = YES;
				CLANG_WARN_ENUM_CONVERSION = YES;
				CLANG_WARN_INFINITE_RECURSION = YES;
				CLANG_WARN_INT_CONVERSION = YES;
				CLANG_WARN_NON_LITERAL_NULL_CONVERSION = YES;
				CLANG_WARN_OBJC_IMPLICIT_RETAIN_SELF = YES;
				CLANG_WARN_OBJC_LITERAL_CONVERSION = YES;
				CLANG_WARN_OBJC_ROOT_CLASS = YES_ERROR;
				CLANG_WARN_RANGE_LOOP_ANALYSIS = YES;
				CLANG_WARN_STRICT_PROTOTYPES = YES;
				CLANG_WARN_SUSPICIOUS_MOVE = YES;
				CLANG_WARN_UNGUARDED_AVAILABILITY = YES_AGGRESSIVE;
				CLANG_WARN_UNREACHABLE_CODE = YES;
				CLANG_WARN__DUPLICATE_METHOD_MATCH = YES;
				CODE_SIGN_IDENTITY = "iPhone Developer";
				COPY_PHASE_STRIP = NO;
				DEBUG_INFORMATION_FORMAT = dwarf;
				ENABLE_STRICT_OBJC_MSGSEND = YES;
				ENABLE_TESTABILITY = YES;
				GCC_C_LANGUAGE_STANDARD = gnu11;
				GCC_DYNAMIC_NO_PIC = NO;
				GCC_NO_COMMON_BLOCKS = YES;
				GCC_OPTIMIZATION_LEVEL = 0;
				GCC_PREPROCESSOR_DEFINITIONS = (
					"DEBUG=1",
					"$(inherited)",
				);
				GCC_WARN_64_TO_32_BIT_CONVERSION = YES;
				GCC_WARN_ABOUT_RETURN_TYPE = YES_ERROR;
				GCC_WARN_UNDECLARED_SELECTOR = YES;
				GCC_WARN_UNINITIALIZED_AUTOS = YES_AGGRESSIVE;
				GCC_WARN_UNUSED_FUNCTION = YES;
				GCC_WARN_UNUSED_VARIABLE = YES;
				IPHONEOS_DEPLOYMENT_TARGET = 12.1;
				MTL_ENABLE_DEBUG_INFO = INCLUDE_SOURCE;
				MTL_FAST_MATH = YES;
				ONLY_ACTIVE_ARCH = YES;
				SDKROOT = iphoneos;
				SWIFT_ACTIVE_COMPILATION_CONDITIONS = DEBUG;
				SWIFT_OPTIMIZATION_LEVEL = "-Onone";
			};
			name = Debug;
		};
		8A7AE248220DE6CF001CC7A6 /* Release */ = {
			isa = XCBuildConfiguration;
			buildSettings = {
				ALWAYS_SEARCH_USER_PATHS = NO;
				CLANG_ANALYZER_NONNULL = YES;
				CLANG_ANALYZER_NUMBER_OBJECT_CONVERSION = YES_AGGRESSIVE;
				CLANG_CXX_LANGUAGE_STANDARD = "gnu++14";
				CLANG_CXX_LIBRARY = "libc++";
				CLANG_ENABLE_MODULES = YES;
				CLANG_ENABLE_OBJC_ARC = YES;
				CLANG_ENABLE_OBJC_WEAK = YES;
				CLANG_WARN_BLOCK_CAPTURE_AUTORELEASING = YES;
				CLANG_WARN_BOOL_CONVERSION = YES;
				CLANG_WARN_COMMA = YES;
				CLANG_WARN_CONSTANT_CONVERSION = YES;
				CLANG_WARN_DEPRECATED_OBJC_IMPLEMENTATIONS = YES;
				CLANG_WARN_DIRECT_OBJC_ISA_USAGE = YES_ERROR;
				CLANG_WARN_DOCUMENTATION_COMMENTS = YES;
				CLANG_WARN_EMPTY_BODY = YES;
				CLANG_WARN_ENUM_CONVERSION = YES;
				CLANG_WARN_INFINITE_RECURSION = YES;
				CLANG_WARN_INT_CONVERSION = YES;
				CLANG_WARN_NON_LITERAL_NULL_CONVERSION = YES;
				CLANG_WARN_OBJC_IMPLICIT_RETAIN_SELF = YES;
				CLANG_WARN_OBJC_LITERAL_CONVERSION = YES;
				CLANG_WARN_OBJC_ROOT_CLASS = YES_ERROR;
				CLANG_WARN_RANGE_LOOP_ANALYSIS = YES;
				CLANG_WARN_STRICT_PROTOTYPES = YES;
				CLANG_WARN_SUSPICIOUS_MOVE = YES;
				CLANG_WARN_UNGUARDED_AVAILABILITY = YES_AGGRESSIVE;
				CLANG_WARN_UNREACHABLE_CODE = YES;
				CLANG_WARN__DUPLICATE_METHOD_MATCH = YES;
				CODE_SIGN_IDENTITY = "iPhone Developer";
				COPY_PHASE_STRIP = NO;
				DEBUG_INFORMATION_FORMAT = "dwarf-with-dsym";
				ENABLE_NS_ASSERTIONS = NO;
				ENABLE_STRICT_OBJC_MSGSEND = YES;
				GCC_C_LANGUAGE_STANDARD = gnu11;
				GCC_NO_COMMON_BLOCKS = YES;
				GCC_WARN_64_TO_32_BIT_CONVERSION = YES;
				GCC_WARN_ABOUT_RETURN_TYPE = YES_ERROR;
				GCC_WARN_UNDECLARED_SELECTOR = YES;
				GCC_WARN_UNINITIALIZED_AUTOS = YES_AGGRESSIVE;
				GCC_WARN_UNUSED_FUNCTION = YES;
				GCC_WARN_UNUSED_VARIABLE = YES;
				IPHONEOS_DEPLOYMENT_TARGET = 12.1;
				MTL_ENABLE_DEBUG_INFO = NO;
				MTL_FAST_MATH = YES;
				SDKROOT = iphoneos;
				SWIFT_COMPILATION_MODE = wholemodule;
				SWIFT_OPTIMIZATION_LEVEL = "-O";
				VALIDATE_PRODUCT = YES;
			};
			name = Release;
		};
		8A7AE24A220DE6CF001CC7A6 /* Debug */ = {
			isa = XCBuildConfiguration;
			buildSettings = {
				ASSETCATALOG_COMPILER_APPICON_NAME = AppIcon;
				CODE_SIGN_STYLE = Automatic;
				DEVELOPMENT_TEAM = JKMGXM83KA;
				INFOPLIST_FILE = CollectionDemo/Info.plist;
				LD_RUNPATH_SEARCH_PATHS = (
					"$(inherited)",
					"@executable_path/Frameworks",
				);
				PRODUCT_BUNDLE_IDENTIFIER = com.IurieGuzun.CollectionDemo;
				PRODUCT_NAME = "$(TARGET_NAME)";
				SWIFT_VERSION = 4.2;
				TARGETED_DEVICE_FAMILY = "1,2";
			};
			name = Debug;
		};
		8A7AE24B220DE6CF001CC7A6 /* Release */ = {
			isa = XCBuildConfiguration;
			buildSettings = {
				ASSETCATALOG_COMPILER_APPICON_NAME = AppIcon;
				CODE_SIGN_STYLE = Automatic;
				DEVELOPMENT_TEAM = JKMGXM83KA;
				INFOPLIST_FILE = CollectionDemo/Info.plist;
				LD_RUNPATH_SEARCH_PATHS = (
					"$(inherited)",
					"@executable_path/Frameworks",
				);
				PRODUCT_BUNDLE_IDENTIFIER = com.IurieGuzun.CollectionDemo;
				PRODUCT_NAME = "$(TARGET_NAME)";
				SWIFT_VERSION = 4.2;
				TARGETED_DEVICE_FAMILY = "1,2";
			};
			name = Release;
		};
		8A7AE24D220DE6CF001CC7A6 /* Debug */ = {
			isa = XCBuildConfiguration;
			buildSettings = {
				ALWAYS_EMBED_SWIFT_STANDARD_LIBRARIES = YES;
				BUNDLE_LOADER = "$(TEST_HOST)";
				CODE_SIGN_STYLE = Automatic;
				DEVELOPMENT_TEAM = JKMGXM83KA;
				INFOPLIST_FILE = CollectionDemoTests/Info.plist;
				LD_RUNPATH_SEARCH_PATHS = (
					"$(inherited)",
					"@executable_path/Frameworks",
					"@loader_path/Frameworks",
				);
				PRODUCT_BUNDLE_IDENTIFIER = com.IurieGuzun.CollectionDemoTests;
				PRODUCT_NAME = "$(TARGET_NAME)";
				SWIFT_VERSION = 4.2;
				TARGETED_DEVICE_FAMILY = "1,2";
				TEST_HOST = "$(BUILT_PRODUCTS_DIR)/CollectionDemo.app/CollectionDemo";
			};
			name = Debug;
		};
		8A7AE24E220DE6CF001CC7A6 /* Release */ = {
			isa = XCBuildConfiguration;
			buildSettings = {
				ALWAYS_EMBED_SWIFT_STANDARD_LIBRARIES = YES;
				BUNDLE_LOADER = "$(TEST_HOST)";
				CODE_SIGN_STYLE = Automatic;
				DEVELOPMENT_TEAM = JKMGXM83KA;
				INFOPLIST_FILE = CollectionDemoTests/Info.plist;
				LD_RUNPATH_SEARCH_PATHS = (
					"$(inherited)",
					"@executable_path/Frameworks",
					"@loader_path/Frameworks",
				);
				PRODUCT_BUNDLE_IDENTIFIER = com.IurieGuzun.CollectionDemoTests;
				PRODUCT_NAME = "$(TARGET_NAME)";
				SWIFT_VERSION = 4.2;
				TARGETED_DEVICE_FAMILY = "1,2";
				TEST_HOST = "$(BUILT_PRODUCTS_DIR)/CollectionDemo.app/CollectionDemo";
			};
			name = Release;
		};
		8A7AE250220DE6CF001CC7A6 /* Debug */ = {
			isa = XCBuildConfiguration;
			buildSettings = {
				ALWAYS_EMBED_SWIFT_STANDARD_LIBRARIES = YES;
				CODE_SIGN_STYLE = Automatic;
				DEVELOPMENT_TEAM = JKMGXM83KA;
				INFOPLIST_FILE = CollectionDemoUITests/Info.plist;
				LD_RUNPATH_SEARCH_PATHS = (
					"$(inherited)",
					"@executable_path/Frameworks",
					"@loader_path/Frameworks",
				);
				PRODUCT_BUNDLE_IDENTIFIER = com.IurieGuzun.CollectionDemoUITests;
				PRODUCT_NAME = "$(TARGET_NAME)";
				SWIFT_VERSION = 4.2;
				TARGETED_DEVICE_FAMILY = "1,2";
				TEST_TARGET_NAME = CollectionDemo;
			};
			name = Debug;
		};
		8A7AE251220DE6CF001CC7A6 /* Release */ = {
			isa = XCBuildConfiguration;
			buildSettings = {
				ALWAYS_EMBED_SWIFT_STANDARD_LIBRARIES = YES;
				CODE_SIGN_STYLE = Automatic;
				DEVELOPMENT_TEAM = JKMGXM83KA;
				INFOPLIST_FILE = CollectionDemoUITests/Info.plist;
				LD_RUNPATH_SEARCH_PATHS = (
					"$(inherited)",
					"@executable_path/Frameworks",
					"@loader_path/Frameworks",
				);
				PRODUCT_BUNDLE_IDENTIFIER = com.IurieGuzun.CollectionDemoUITests;
				PRODUCT_NAME = "$(TARGET_NAME)";
				SWIFT_VERSION = 4.2;
				TARGETED_DEVICE_FAMILY = "1,2";
				TEST_TARGET_NAME = CollectionDemo;
			};
			name = Release;
		};
/* End XCBuildConfiguration section */

/* Begin XCConfigurationList section */
		8A7AE21C220DE6CE001CC7A6 /* Build configuration list for PBXProject "CollectionDemo" */ = {
			isa = XCConfigurationList;
			buildConfigurations = (
				8A7AE247220DE6CF001CC7A6 /* Debug */,
				8A7AE248220DE6CF001CC7A6 /* Release */,
			);
			defaultConfigurationIsVisible = 0;
			defaultConfigurationName = Release;
		};
		8A7AE249220DE6CF001CC7A6 /* Build configuration list for PBXNativeTarget "CollectionDemo" */ = {
			isa = XCConfigurationList;
			buildConfigurations = (
				8A7AE24A220DE6CF001CC7A6 /* Debug */,
				8A7AE24B220DE6CF001CC7A6 /* Release */,
			);
			defaultConfigurationIsVisible = 0;
			defaultConfigurationName = Release;
		};
		8A7AE24C220DE6CF001CC7A6 /* Build configuration list for PBXNativeTarget "CollectionDemoTests" */ = {
			isa = XCConfigurationList;
			buildConfigurations = (
				8A7AE24D220DE6CF001CC7A6 /* Debug */,
				8A7AE24E220DE6CF001CC7A6 /* Release */,
			);
			defaultConfigurationIsVisible = 0;
			defaultConfigurationName = Release;
		};
		8A7AE24F220DE6CF001CC7A6 /* Build configuration list for PBXNativeTarget "CollectionDemoUITests" */ = {
			isa = XCConfigurationList;
			buildConfigurations = (
				8A7AE250220DE6CF001CC7A6 /* Debug */,
				8A7AE251220DE6CF001CC7A6 /* Release */,
			);
			defaultConfigurationIsVisible = 0;
			defaultConfigurationName = Release;
		};
/* End XCConfigurationList section */
	};
	rootObject = 8A7AE219220DE6CE001CC7A6 /* Project object */;
}
